// !$*UTF8*$!
{
	archiveVersion = 1;
	classes = {
	};
	objectVersion = 46;
	objects = {

/* Begin PBXBuildFile section */
		B132B9871B012BC700A19D36 /* AppDelegate.swift in Sources */ = {isa = PBXBuildFile; fileRef = B132B9861B012BC700A19D36 /* AppDelegate.swift */; };
		B132B9891B012BC700A19D36 /* ViewController.swift in Sources */ = {isa = PBXBuildFile; fileRef = B132B9881B012BC700A19D36 /* ViewController.swift */; };
		B132B98C1B012BC700A19D36 /* Main.storyboard in Resources */ = {isa = PBXBuildFile; fileRef = B132B98A1B012BC700A19D36 /* Main.storyboard */; };
		B132B98E1B012BC700A19D36 /* Images.xcassets in Resources */ = {isa = PBXBuildFile; fileRef = B132B98D1B012BC700A19D36 /* Images.xcassets */; };
		B132B9911B012BC700A19D36 /* LaunchScreen.xib in Resources */ = {isa = PBXBuildFile; fileRef = B132B98F1B012BC700A19D36 /* LaunchScreen.xib */; };
		B132B99D1B012BC700A19D36 /* UITextField_TutorialTests.swift in Sources */ = {isa = PBXBuildFile; fileRef = B132B99C1B012BC700A19D36 /* UITextField_TutorialTests.swift */; };
/* End PBXBuildFile section */

/* Begin PBXContainerItemProxy section */
		B132B9971B012BC700A19D36 /* PBXContainerItemProxy */ = {
			isa = PBXContainerItemProxy;
			containerPortal = B132B9791B012BC700A19D36 /* Project object */;
			proxyType = 1;
			remoteGlobalIDString = B132B9801B012BC700A19D36;
			remoteInfo = "UITextField Tutorial";
		};
/* End PBXContainerItemProxy section */

/* Begin PBXFileReference section */
		B132B9811B012BC700A19D36 /* UITextField Tutorial.app */ = {isa = PBXFileReference; explicitFileType = wrapper.application; includeInIndex = 0; path = "UITextField Tutorial.app"; sourceTree = BUILT_PRODUCTS_DIR; };
		B132B9851B012BC700A19D36 /* Info.plist */ = {isa = PBXFileReference; lastKnownFileType = text.plist.xml; path = Info.plist; sourceTree = "<group>"; };
		B132B9861B012BC700A19D36 /* AppDelegate.swift */ = {isa = PBXFileReference; lastKnownFileType = sourcecode.swift; path = AppDelegate.swift; sourceTree = "<group>"; };
		B132B9881B012BC700A19D36 /* ViewController.swift */ = {isa = PBXFileReference; lastKnownFileType = sourcecode.swift; path = ViewController.swift; sourceTree = "<group>"; };
		B132B98B1B012BC700A19D36 /* Base */ = {isa = PBXFileReference; lastKnownFileType = file.storyboard; name = Base; path = Base.lproj/Main.storyboard; sourceTree = "<group>"; };
		B132B98D1B012BC700A19D36 /* Images.xcassets */ = {isa = PBXFileReference; lastKnownFileType = folder.assetcatalog; path = Images.xcassets; sourceTree = "<group>"; };
		B132B9901B012BC700A19D36 /* Base */ = {isa = PBXFileReference; lastKnownFileType = file.xib; name = Base; path = Base.lproj/LaunchScreen.xib; sourceTree = "<group>"; };
		B132B9961B012BC700A19D36 /* UITextField TutorialTests.xctest */ = {isa = PBXFileReference; explicitFileType = wrapper.cfbundle; includeInIndex = 0; path = "UITextField TutorialTests.xctest"; sourceTree = BUILT_PRODUCTS_DIR; };
		B132B99B1B012BC700A19D36 /* Info.plist */ = {isa = PBXFileReference; lastKnownFileType = text.plist.xml; path = Info.plist; sourceTree = "<group>"; };
		B132B99C1B012BC700A19D36 /* UITextField_TutorialTests.swift */ = {isa = PBXFileReference; lastKnownFileType = sourcecode.swift; path = UITextField_TutorialTests.swift; sourceTree = "<group>"; };
/* End PBXFileReference section */

/* Begin PBXFrameworksBuildPhase section */
		B132B97E1B012BC700A19D36 /* Frameworks */ = {
			isa = PBXFrameworksBuildPhase;
			buildActionMask = 2147483647;
			files = (
			);
			runOnlyForDeploymentPostprocessing = 0;
		};
		B132B9931B012BC700A19D36 /* Frameworks */ = {
			isa = PBXFrameworksBuildPhase;
			buildActionMask = 2147483647;
			files = (
			);
			runOnlyForDeploymentPostprocessing = 0;
		};
/* End PBXFrameworksBuildPhase section */

/* Begin PBXGroup section */
		B132B9781B012BC700A19D36 = {
			isa = PBXGroup;
			children = (
				B132B9831B012BC700A19D36 /* UITextField Tutorial */,
				B132B9991B012BC700A19D36 /* UITextField TutorialTests */,
				B132B9821B012BC700A19D36 /* Products */,
			);
			sourceTree = "<group>";
		};
		B132B9821B012BC700A19D36 /* Products */ = {
			isa = PBXGroup;
			children = (
				B132B9811B012BC700A19D36 /* UITextField Tutorial.app */,
				B132B9961B012BC700A19D36 /* UITextField TutorialTests.xctest */,
			);
			name = Products;
			sourceTree = "<group>";
		};
		B132B9831B012BC700A19D36 /* UITextField Tutorial */ = {
			isa = PBXGroup;
			children = (
				B132B9861B012BC700A19D36 /* AppDelegate.swift */,
				B132B9881B012BC700A19D36 /* ViewController.swift */,
				B132B98A1B012BC700A19D36 /* Main.storyboard */,
				B132B98D1B012BC700A19D36 /* Images.xcassets */,
				B132B98F1B012BC700A19D36 /* LaunchScreen.xib */,
				B132B9841B012BC700A19D36 /* Supporting Files */,
			);
			path = "UITextField Tutorial";
			sourceTree = "<group>";
		};
		B132B9841B012BC700A19D36 /* Supporting Files */ = {
			isa = PBXGroup;
			children = (
				B132B9851B012BC700A19D36 /* Info.plist */,
			);
			name = "Supporting Files";
			sourceTree = "<group>";
		};
		B132B9991B012BC700A19D36 /* UITextField TutorialTests */ = {
			isa = PBXGroup;
			children = (
				B132B99C1B012BC700A19D36 /* UITextField_TutorialTests.swift */,
				B132B99A1B012BC700A19D36 /* Supporting Files */,
			);
			path = "UITextField TutorialTests";
			sourceTree = "<group>";
		};
		B132B99A1B012BC700A19D36 /* Supporting Files */ = {
			isa = PBXGroup;
			children = (
				B132B99B1B012BC700A19D36 /* Info.plist */,
			);
			name = "Supporting Files";
			sourceTree = "<group>";
		};
/* End PBXGroup section */

/* Begin PBXNativeTarget section */
		B132B9801B012BC700A19D36 /* UITextField Tutorial */ = {
			isa = PBXNativeTarget;
			buildConfigurationList = B132B9A01B012BC700A19D36 /* Build configuration list for PBXNativeTarget "UITextField Tutorial" */;
			buildPhases = (
				B132B97D1B012BC700A19D36 /* Sources */,
				B132B97E1B012BC700A19D36 /* Frameworks */,
				B132B97F1B012BC700A19D36 /* Resources */,
			);
			buildRules = (
			);
			dependencies = (
			);
			name = "UITextField Tutorial";
			productName = "UITextField Tutorial";
			productReference = B132B9811B012BC700A19D36 /* UITextField Tutorial.app */;
			productType = "com.apple.product-type.application";
		};
		B132B9951B012BC700A19D36 /* UITextField TutorialTests */ = {
			isa = PBXNativeTarget;
			buildConfigurationList = B132B9A31B012BC700A19D36 /* Build configuration list for PBXNativeTarget "UITextField TutorialTests" */;
			buildPhases = (
				B132B9921B012BC700A19D36 /* Sources */,
				B132B9931B012BC700A19D36 /* Frameworks */,
				B132B9941B012BC700A19D36 /* Resources */,
			);
			buildRules = (
			);
			dependencies = (
				B132B9981B012BC700A19D36 /* PBXTargetDependency */,
			);
			name = "UITextField TutorialTests";
			productName = "UITextField TutorialTests";
			productReference = B132B9961B012BC700A19D36 /* UITextField TutorialTests.xctest */;
			productType = "com.apple.product-type.bundle.unit-test";
		};
/* End PBXNativeTarget section */

/* Begin PBXProject section */
		B132B9791B012BC700A19D36 /* Project object */ = {
			isa = PBXProject;
			attributes = {
				LastUpgradeCheck = 0610;
				ORGANIZATIONNAME = sourcefreeze;
				TargetAttributes = {
					B132B9801B012BC700A19D36 = {
						CreatedOnToolsVersion = 6.1;
					};
					B132B9951B012BC700A19D36 = {
						CreatedOnToolsVersion = 6.1;
						TestTargetID = B132B9801B012BC700A19D36;
					};
				};
			};
			buildConfigurationList = B132B97C1B012BC700A19D36 /* Build configuration list for PBXProject "UITextField Tutorial" */;
			compatibilityVersion = "Xcode 3.2";
			developmentRegion = English;
			hasScannedForEncodings = 0;
			knownRegions = (
				en,
				Base,
			);
			mainGroup = B132B9781B012BC700A19D36;
			productRefGroup = B132B9821B012BC700A19D36 /* Products */;
			projectDirPath = "";
			projectRoot = "";
			targets = (
				B132B9801B012BC700A19D36 /* UITextField Tutorial */,
				B132B9951B012BC700A19D36 /* UITextField TutorialTests */,
			);
		};
/* End PBXProject section */

/* Begin PBXResourcesBuildPhase section */
		B132B97F1B012BC700A19D36 /* Resources */ = {
			isa = PBXResourcesBuildPhase;
			buildActionMask = 2147483647;
			files = (
				B132B98C1B012BC700A19D36 /* Main.storyboard in Resources */,
				B132B9911B012BC700A19D36 /* LaunchScreen.xib in Resources */,
				B132B98E1B012BC700A19D36 /* Images.xcassets in Resources */,
			);
			runOnlyForDeploymentPostprocessing = 0;
		};
		B132B9941B012BC700A19D36 /* Resources */ = {
			isa = PBXResourcesBuildPhase;
			buildActionMask = 2147483647;
			files = (
			);
			runOnlyForDeploymentPostprocessing = 0;
		};
/* End PBXResourcesBuildPhase section */

/* Begin PBXSourcesBuildPhase section */
		B132B97D1B012BC700A19D36 /* Sources */ = {
			isa = PBXSourcesBuildPhase;
			buildActionMask = 2147483647;
			files = (
				B132B9891B012BC700A19D36 /* ViewController.swift in Sources */,
				B132B9871B012BC700A19D36 /* AppDelegate.swift in Sources */,
			);
			runOnlyForDeploymentPostprocessing = 0;
		};
		B132B9921B012BC700A19D36 /* Sources */ = {
			isa = PBXSourcesBuildPhase;
			buildActionMask = 2147483647;
			files = (
				B132B99D1B012BC700A19D36 /* UITextField_TutorialTests.swift in Sources */,
			);
			runOnlyForDeploymentPostprocessing = 0;
		};
/* End PBXSourcesBuildPhase section */

/* Begin PBXTargetDependency section */
		B132B9981B012BC700A19D36 /* PBXTargetDependency */ = {
			isa = PBXTargetDependency;
			target = B132B9801B012BC700A19D36 /* UITextField Tutorial */;
			targetProxy = B132B9971B012BC700A19D36 /* PBXContainerItemProxy */;
		};
/* End PBXTargetDependency section */

/* Begin PBXVariantGroup section */
		B132B98A1B012BC700A19D36 /* Main.storyboard */ = {
			isa = PBXVariantGroup;
			children = (
				B132B98B1B012BC700A19D36 /* Base */,
			);
			name = Main.storyboard;
			sourceTree = "<group>";
		};
		B132B98F1B012BC700A19D36 /* LaunchScreen.xib */ = {
			isa = PBXVariantGroup;
			children = (
				B132B9901B012BC700A19D36 /* Base */,
			);
			name = LaunchScreen.xib;
			sourceTree = "<group>";
		};
/* End PBXVariantGroup section */

/* Begin XCBuildConfiguration section */
		B132B99E1B012BC700A19D36 /* Debug */ = {
			isa = XCBuildConfiguration;
			buildSettings = {
				ALWAYS_SEARCH_USER_PATHS = NO;
				CLANG_CXX_LANGUAGE_STANDARD = "gnu++0x";
				CLANG_CXX_LIBRARY = "libc++";
				CLANG_ENABLE_MODULES = YES;
				CLANG_ENABLE_OBJC_ARC = YES;
				CLANG_WARN_BOOL_CONVERSION = YES;
				CLANG_WARN_CONSTANT_CONVERSION = YES;
				CLANG_WARN_DIRECT_OBJC_ISA_USAGE = YES_ERROR;
				CLANG_WARN_EMPTY_BODY = YES;
				CLANG_WARN_ENUM_CONVERSION = YES;
				CLANG_WARN_INT_CONVERSION = YES;
				CLANG_WARN_OBJC_ROOT_CLASS = YES_ERROR;
				CLANG_WARN_UNREACHABLE_CODE = YES;
				CLANG_WARN__DUPLICATE_METHOD_MATCH = YES;
				"CODE_SIGN_IDENTITY[sdk=iphoneos*]" = "iPhone Developer";
				COPY_PHASE_STRIP = NO;
				ENABLE_STRICT_OBJC_MSGSEND = YES;
				GCC_C_LANGUAGE_STANDARD = gnu99;
				GCC_DYNAMIC_NO_PIC = NO;
				GCC_OPTIMIZATION_LEVEL = 0;
				GCC_PREPROCESSOR_DEFINITIONS = (
					"DEBUG=1",
					"$(inherited)",
				);
				GCC_SYMBOLS_PRIVATE_EXTERN = NO;
				GCC_WARN_64_TO_32_BIT_CONVERSION = YES;
				GCC_WARN_ABOUT_RETURN_TYPE = YES_ERROR;
				GCC_WARN_UNDECLARED_SELECTOR = YES;
				GCC_WARN_UNINITIALIZED_AUTOS = YES_AGGRESSIVE;
				GCC_WARN_UNUSED_FUNCTION = YES;
				GCC_WARN_UNUSED_VARIABLE = YES;
				IPHONEOS_DEPLOYMENT_TARGET = 8.1;
				MTL_ENABLE_DEBUG_INFO = YES;
				ONLY_ACTIVE_ARCH = YES;
				SDKROOT = iphoneos;
				SWIFT_OPTIMIZATION_LEVEL = "-Onone";
				TARGETED_DEVICE_FAMILY = "1,2";
			};
			name = Debug;
		};
		B132B99F1B012BC700A19D36 /* Release */ = {
			isa = XCBuildConfiguration;
			buildSettings = {
				ALWAYS_SEARCH_USER_PATHS = NO;
				CLANG_CXX_LANGUAGE_STANDARD = "gnu++0x";
				CLANG_CXX_LIBRARY = "libc++";
				CLANG_ENABLE_MODULES = YES;
				CLANG_ENABLE_OBJC_ARC = YES;
				CLANG_WARN_BOOL_CONVERSION = YES;
				CLANG_WARN_CONSTANT_CONVERSION = YES;
				CLANG_WARN_DIRECT_OBJC_ISA_USAGE = YES_ERROR;
				CLANG_WARN_EMPTY_BODY = YES;
				CLANG_WARN_ENUM_CONVERSION = YES;
				CLANG_WARN_INT_CONVERSION = YES;
				CLANG_WARN_OBJC_ROOT_CLASS = YES_ERROR;
				CLANG_WARN_UNREACHABLE_CODE = YES;
				CLANG_WARN__DUPLICATE_METHOD_MATCH = YES;
				"CODE_SIGN_IDENTITY[sdk=iphoneos*]" = "iPhone Developer";
				COPY_PHASE_STRIP = YES;
				ENABLE_NS_ASSERTIONS = NO;
				ENABLE_STRICT_OBJC_MSGSEND = YES;
				GCC_C_LANGUAGE_STANDARD = gnu99;
				GCC_WARN_64_TO_32_BIT_CONVERSION = YES;
				GCC_WARN_ABOUT_RETURN_TYPE = YES_ERROR;
				GCC_WARN_UNDECLARED_SELECTOR = YES;
				GCC_WARN_UNINITIALIZED_AUTOS = YES_AGGRESSIVE;
				GCC_WARN_UNUSED_FUNCTION = YES;
				GCC_WARN_UNUSED_VARIABLE = YES;
				IPHONEOS_DEPLOYMENT_TARGET = 8.1;
				MTL_ENABLE_DEBUG_INFO = NO;
				SDKROOT = iphoneos;
				TARGETED_DEVICE_FAMILY = "1,2";
				VALIDATE_PRODUCT = YES;
			};
			name = Release;
		};
		B132B9A11B012BC700A19D36 /* Debug */ = {
			isa = XCBuildConfiguration;
			buildSettings = {
				ASSETCATALOG_COMPILER_APPICON_NAME = AppIcon;
				INFOPLIST_FILE = "UITextField Tutorial/Info.plist";
				LD_RUNPATH_SEARCH_PATHS = "$(inherited) @executable_path/Frameworks";
				PRODUCT_NAME = "$(TARGET_NAME)";
			};
			name = Debug;
		};
		B132B9A21B012BC700A19D36 /* Release */ = {
			isa = XCBuildConfiguration;
			buildSettings = {
				ASSETCATALOG_COMPILER_APPICON_NAME = AppIcon;
				INFOPLIST_FILE = "UITextField Tutorial/Info.plist";
				LD_RUNPATH_SEARCH_PATHS = "$(inherited) @executable_path/Frameworks";
				PRODUCT_NAME = "$(TARGET_NAME)";
			};
			name = Release;
		};
		B132B9A41B012BC700A19D36 /* Debug */ = {
			isa = XCBuildConfiguration;
			buildSettings = {
				BUNDLE_LOADER = "$(TEST_HOST)";
				FRAMEWORK_SEARCH_PATHS = (
					"$(SDKROOT)/Developer/Library/Frameworks",
					"$(inherited)",
				);
				GCC_PREPROCESSOR_DEFINITIONS = (
					"DEBUG=1",
					"$(inherited)",
				);
				INFOPLIST_FILE = "UITextField TutorialTests/Info.plist";
				LD_RUNPATH_SEARCH_PATHS = "$(inherited) @executable_path/Frameworks @loader_path/Frameworks";
				PRODUCT_NAME = "$(TARGET_NAME)";
				TEST_HOST = "$(BUILT_PRODUCTS_DIR)/UITextField Tutorial.app/UITextField Tutorial";
			};
			name = Debug;
		};
		B132B9A51B012BC700A19D36 /* Release */ = {
			isa = XCBuildConfiguration;
			buildSettings = {
				BUNDLE_LOADER = "$(TEST_HOST)";
				FRAMEWORK_SEARCH_PATHS = (
					"$(SDKROOT)/Developer/Library/Frameworks",
					"$(inherited)",
				);
				INFOPLIST_FILE = "UITextField TutorialTests/Info.plist";
				LD_RUNPATH_SEARCH_PATHS = "$(inherited) @executable_path/Frameworks @loader_path/Frameworks";
				PRODUCT_NAME = "$(TARGET_NAME)";
				TEST_HOST = "$(BUILT_PRODUCTS_DIR)/UITextField Tutorial.app/UITextField Tutorial";
			};
			name = Release;
		};
/* End XCBuildConfiguration section */

/* Begin XCConfigurationList section */
		B132B97C1B012BC700A19D36 /* Build configuration list for PBXProject "UITextField Tutorial" */ = {
			isa = XCConfigurationList;
			buildConfigurations = (
				B132B99E1B012BC700A19D36 /* Debug */,
				B132B99F1B012BC700A19D36 /* Release */,
			);
			defaultConfigurationIsVisible = 0;
			defaultConfigurationName = Release;
		};
		B132B9A01B012BC700A19D36 /* Build configuration list for PBXNativeTarget "UITextField Tutorial" */ = {
			isa = XCConfigurationList;
			buildConfigurations = (
				B132B9A11B012BC700A19D36 /* Debug */,
				B132B9A21B012BC700A19D36 /* Release */,
			);
			defaultConfigurationIsVisible = 0;
		};
		B132B9A31B012BC700A19D36 /* Build configuration list for PBXNativeTarget "UITextField TutorialTests" */ = {
			isa = XCConfigurationList;
			buildConfigurations = (
				B132B9A41B012BC700A19D36 /* Debug */,
				B132B9A51B012BC700A19D36 /* Release */,
			);
			defaultConfigurationIsVisible = 0;
		};
/* End XCConfigurationList section */
	};
	rootObject = B132B9791B012BC700A19D36 /* Project object */;
}
